// !$*UTF8*$!
{
	archiveVersion = 1;
	classes = {
	};
	objectVersion = 50;
	objects = {

/* Begin PBXBuildFile section */
		4E02A1362109DF580040BA88 /* Tutorial.storyboard in Resources */ = {isa = PBXBuildFile; fileRef = 4E02A1342109DF580040BA88 /* Tutorial.storyboard */; };
		4E02A1392109E1700040BA88 /* MenuTutorialViewController.swift in Sources */ = {isa = PBXBuildFile; fileRef = 4E02A1382109E1700040BA88 /* MenuTutorialViewController.swift */; };
		4E21E4A5229D67B50092A620 /* UIView.swift in Sources */ = {isa = PBXBuildFile; fileRef = 4E21E4A4229D67B50092A620 /* UIView.swift */; };
		4E29899C213DAAAE003D98D1 /* SuperPartiesPresentationViewController.swift in Sources */ = {isa = PBXBuildFile; fileRef = 4E29899B213DAAAE003D98D1 /* SuperPartiesPresentationViewController.swift */; };
		4E29899E213DB1AB003D98D1 /* SuperPartiesTableViewCell.swift in Sources */ = {isa = PBXBuildFile; fileRef = 4E29899D213DB1AB003D98D1 /* SuperPartiesTableViewCell.swift */; };
		4E2989A0213DBBF2003D98D1 /* SquarePresentationButton.swift in Sources */ = {isa = PBXBuildFile; fileRef = 4E29899F213DBBF2003D98D1 /* SquarePresentationButton.swift */; };
		4E2989A2213DBDCE003D98D1 /* HexPresentationButton.swift in Sources */ = {isa = PBXBuildFile; fileRef = 4E2989A1213DBDCE003D98D1 /* HexPresentationButton.swift */; };
		4E2989A4213DC774003D98D1 /* TriangularPresentationButton.swift in Sources */ = {isa = PBXBuildFile; fileRef = 4E2989A3213DC774003D98D1 /* TriangularPresentationButton.swift */; };
		4E301FA321A0BFA600DAB959 /* LocalScore.swift in Sources */ = {isa = PBXBuildFile; fileRef = 4E301FA221A0BFA600DAB959 /* LocalScore.swift */; };
		4E301FA621A0C4BF00DAB959 /* CountingTimer.swift in Sources */ = {isa = PBXBuildFile; fileRef = 4E301FA521A0C4BF00DAB959 /* CountingTimer.swift */; };
		4E301FA821A0C4DB00DAB959 /* LimitedTimer.swift in Sources */ = {isa = PBXBuildFile; fileRef = 4E301FA721A0C4DB00DAB959 /* LimitedTimer.swift */; };
		4E301FAE21A0D98100DAB959 /* Enums.swift in Sources */ = {isa = PBXBuildFile; fileRef = 4E301FAD21A0D98100DAB959 /* Enums.swift */; };
		4E301FB021A0D9AF00DAB959 /* Section.swift in Sources */ = {isa = PBXBuildFile; fileRef = 4E301FAF21A0D9AF00DAB959 /* Section.swift */; };
		4E301FB221A0D9CE00DAB959 /* OneGame.swift in Sources */ = {isa = PBXBuildFile; fileRef = 4E301FB121A0D9CE00DAB959 /* OneGame.swift */; };
		4E301FB421A0DA0B00DAB959 /* BonusDescription.swift in Sources */ = {isa = PBXBuildFile; fileRef = 4E301FB321A0DA0B00DAB959 /* BonusDescription.swift */; };
		4E301FB621A0DA3900DAB959 /* PackageDescription.swift in Sources */ = {isa = PBXBuildFile; fileRef = 4E301FB521A0DA3900DAB959 /* PackageDescription.swift */; };
		4E301FB821A0DA7C00DAB959 /* IsTheGameStarted.swift in Sources */ = {isa = PBXBuildFile; fileRef = 4E301FB721A0DA7C00DAB959 /* IsTheGameStarted.swift */; };
		4E36C10F211DD78900F810B7 /* InfinitePresentationViewController.swift in Sources */ = {isa = PBXBuildFile; fileRef = 4E36C10E211DD78900F810B7 /* InfinitePresentationViewController.swift */; };
		4E3705E12130304B00972B51 /* ReglageViewController.swift in Sources */ = {isa = PBXBuildFile; fileRef = 4E3705E02130304B00972B51 /* ReglageViewController.swift */; };
		4E3705E721315A4700972B51 /* Sound.swift in Sources */ = {isa = PBXBuildFile; fileRef = 4E3705E621315A4700972B51 /* Sound.swift */; };
		4E3705E821315E9F00972B51 /* song1.m4a in Resources */ = {isa = PBXBuildFile; fileRef = 4E3705E52131571600972B51 /* song1.m4a */; };
		4E3705EA2131652D00972B51 /* NiceButton.swift in Sources */ = {isa = PBXBuildFile; fileRef = 4E3705E92131652D00972B51 /* NiceButton.swift */; };
		4E3705EC213168E100972B51 /* TransitionToReglage.swift in Sources */ = {isa = PBXBuildFile; fileRef = 4E3705EB213168E100972B51 /* TransitionToReglage.swift */; };
		4E3A4F1E20FD277100EB5978 /* CheckerButton.swift in Sources */ = {isa = PBXBuildFile; fileRef = 4E3A4F1D20FD277100EB5978 /* CheckerButton.swift */; };
		4E3A4F2020FDFC5500EB5978 /* AchatBoutiqueBouton.swift in Sources */ = {isa = PBXBuildFile; fileRef = 4E3A4F1F20FDFC5500EB5978 /* AchatBoutiqueBouton.swift */; };
		4E3A4F2220FE07A300EB5978 /* PieceView.swift in Sources */ = {isa = PBXBuildFile; fileRef = 4E3A4F2120FE07A300EB5978 /* PieceView.swift */; };
		4E44EACC21ADF6AB00DABB51 /* MessageManagor.swift in Sources */ = {isa = PBXBuildFile; fileRef = 4E44EACB21ADF6AB00DABB51 /* MessageManagor.swift */; };
		4E4A9F7B22A7C1AE00FC6E66 /* SavedCase.swift in Sources */ = {isa = PBXBuildFile; fileRef = 4E4A9F7A22A7C1AE00FC6E66 /* SavedCase.swift */; };
		4E4A9F7D22A7C20500FC6E66 /* SuperPartieGame.swift in Sources */ = {isa = PBXBuildFile; fileRef = 4E4A9F7C22A7C20500FC6E66 /* SuperPartieGame.swift */; };
		4E4E18CE2104F5C100B0AB30 /* HeartView.swift in Sources */ = {isa = PBXBuildFile; fileRef = 4E4E18CD2104F5C100B0AB30 /* HeartView.swift */; };
		4E51200A210B2B2F00736375 /* YesNoButton.swift in Sources */ = {isa = PBXBuildFile; fileRef = 4E512009210B2B2F00736375 /* YesNoButton.swift */; };
		4E5F79EA21ABBD3800955D36 /* HexViewOfGame.swift in Sources */ = {isa = PBXBuildFile; fileRef = 4E5F79E921ABBD3800955D36 /* HexViewOfGame.swift */; };
		4E6AFDD121ACBA4200A94A16 /* TriangleViewOfGame.swift in Sources */ = {isa = PBXBuildFile; fileRef = 4E6AFDD021ACBA4200A94A16 /* TriangleViewOfGame.swift */; };
		4E7725C520FD088C00B24FBE /* HautParleur.swift in Sources */ = {isa = PBXBuildFile; fileRef = 4E7725C420FD088C00B24FBE /* HautParleur.swift */; };
		4E79480221386A0100FF462C /* SuperPartiesGameViewController.swift in Sources */ = {isa = PBXBuildFile; fileRef = 4E79480121386A0100FF462C /* SuperPartiesGameViewController.swift */; };
		4E88CAC220FF38B100DAD9DB /* BonusView.swift in Sources */ = {isa = PBXBuildFile; fileRef = 4E88CAC120FF38B100DAD9DB /* BonusView.swift */; };
		4E88CAC42101338F00DAD9DB /* TransitionToGameView.swift in Sources */ = {isa = PBXBuildFile; fileRef = 4E88CAC32101338F00DAD9DB /* TransitionToGameView.swift */; };
		4E8FC31C20F91985000A9BCB /* Demineur.xcdatamodeld in Sources */ = {isa = PBXBuildFile; fileRef = 4E8FC31A20F91985000A9BCB /* Demineur.xcdatamodeld */; };
		4E98AD8221AB6EFC0041DD2E /* ViewOfGame.swift in Sources */ = {isa = PBXBuildFile; fileRef = 4E98AD8121AB6EFC0041DD2E /* ViewOfGame.swift */; };
		4E98AD8421AB6F110041DD2E /* Case.swift in Sources */ = {isa = PBXBuildFile; fileRef = 4E98AD8321AB6F110041DD2E /* Case.swift */; };
		4E98AD8621AB866A0041DD2E /* SquareViewOfGame.swift in Sources */ = {isa = PBXBuildFile; fileRef = 4E98AD8521AB866A0041DD2E /* SquareViewOfGame.swift */; };
		4E98BBC92132E2D30054C7E7 /* Localizable.strings in Resources */ = {isa = PBXBuildFile; fileRef = 4E98BBCB2132E2D30054C7E7 /* Localizable.strings */; };
		4E98BBCE21335AB30054C7E7 /* TutorialViewController.swift in Sources */ = {isa = PBXBuildFile; fileRef = 4E98BBCD21335AB30054C7E7 /* TutorialViewController.swift */; };
		4E98BBD021340E920054C7E7 /* TransitionToTutoriel.swift in Sources */ = {isa = PBXBuildFile; fileRef = 4E98BBCF21340E920054C7E7 /* TransitionToTutoriel.swift */; };
		4EA2893B20FD005C0069692F /* MenuPauseIconsButtons.swift in Sources */ = {isa = PBXBuildFile; fileRef = 4EA2893A20FD005C0069692F /* MenuPauseIconsButtons.swift */; };
		4EA2FAD7210624090039846E /* WinLooseViewController.swift in Sources */ = {isa = PBXBuildFile; fileRef = 4EA2FAD6210624090039846E /* WinLooseViewController.swift */; };
		4EA76A9920FB6E9C00E940C8 /* ArticleViewController.swift in Sources */ = {isa = PBXBuildFile; fileRef = 4EA76A9820FB6E9C00E940C8 /* ArticleViewController.swift */; };
		4EA7FD5720F893E700740480 /* AppDelegate.swift in Sources */ = {isa = PBXBuildFile; fileRef = 4EA7FD5620F893E700740480 /* AppDelegate.swift */; };
		4EA7FD5C20F893E700740480 /* Main.storyboard in Resources */ = {isa = PBXBuildFile; fileRef = 4EA7FD5A20F893E700740480 /* Main.storyboard */; };
		4EA7FD5E20F893E800740480 /* Assets.xcassets in Resources */ = {isa = PBXBuildFile; fileRef = 4EA7FD5D20F893E800740480 /* Assets.xcassets */; };
		4EA7FD6120F893E800740480 /* LaunchScreen.storyboard in Resources */ = {isa = PBXBuildFile; fileRef = 4EA7FD5F20F893E800740480 /* LaunchScreen.storyboard */; };
		4EA7FD6C20F894E200740480 /* MenuViewController.swift in Sources */ = {isa = PBXBuildFile; fileRef = 4EA7FD6B20F894E200740480 /* MenuViewController.swift */; };
		4EA7FD6E20F894F600740480 /* PauseViewController.swift in Sources */ = {isa = PBXBuildFile; fileRef = 4EA7FD6D20F894F600740480 /* PauseViewController.swift */; };
		4EA7FD7020F8951300740480 /* InfiniteGameViewController.swift in Sources */ = {isa = PBXBuildFile; fileRef = 4EA7FD6F20F8951300740480 /* InfiniteGameViewController.swift */; };
		4EA7FD7220F8953500740480 /* HistoryPresentationViewController.swift in Sources */ = {isa = PBXBuildFile; fileRef = 4EA7FD7120F8953500740480 /* HistoryPresentationViewController.swift */; };
		4EA7FD7420F8954B00740480 /* HistoryGameViewController.swift in Sources */ = {isa = PBXBuildFile; fileRef = 4EA7FD7320F8954B00740480 /* HistoryGameViewController.swift */; };
		4EA7FD7720F8957A00740480 /* RoundButtonWithNumber.swift in Sources */ = {isa = PBXBuildFile; fileRef = 4EA7FD7620F8957A00740480 /* RoundButtonWithNumber.swift */; };
		4EA7FD7A20F8959C00740480 /* EndTableViewCell.swift in Sources */ = {isa = PBXBuildFile; fileRef = 4EA7FD7920F8959C00740480 /* EndTableViewCell.swift */; };
		4EA7FD7C20F895B000740480 /* StartTableViewCell.swift in Sources */ = {isa = PBXBuildFile; fileRef = 4EA7FD7B20F895B000740480 /* StartTableViewCell.swift */; };
		4EA7FD7E20F895C900740480 /* Type1TableViewCell.swift in Sources */ = {isa = PBXBuildFile; fileRef = 4EA7FD7D20F895C900740480 /* Type1TableViewCell.swift */; };
		4EA7FD8020F895DB00740480 /* Type2TableViewCell.swift in Sources */ = {isa = PBXBuildFile; fileRef = 4EA7FD7F20F895DB00740480 /* Type2TableViewCell.swift */; };
		4EA7FD8420F8960700740480 /* HexCase.swift in Sources */ = {isa = PBXBuildFile; fileRef = 4EA7FD8320F8960700740480 /* HexCase.swift */; };
		4EA7FD8620F8961C00740480 /* RayureDrawing.swift in Sources */ = {isa = PBXBuildFile; fileRef = 4EA7FD8520F8961C00740480 /* RayureDrawing.swift */; };
		4EA7FD8820F8962B00740480 /* SquareCase.swift in Sources */ = {isa = PBXBuildFile; fileRef = 4EA7FD8720F8962B00740480 /* SquareCase.swift */; };
		4EA7FD8A20F8963E00740480 /* TriangularCase.swift in Sources */ = {isa = PBXBuildFile; fileRef = 4EA7FD8920F8963E00740480 /* TriangularCase.swift */; };
		4EA7FD9420F896B500740480 /* BombViewDisplay.swift in Sources */ = {isa = PBXBuildFile; fileRef = 4EA7FD9320F896B500740480 /* BombViewDisplay.swift */; };
		4EA7FD9620F896C200740480 /* ClockView.swift in Sources */ = {isa = PBXBuildFile; fileRef = 4EA7FD9520F896C200740480 /* ClockView.swift */; };
		4EA7FD9820F896D200740480 /* FlagView.swift in Sources */ = {isa = PBXBuildFile; fileRef = 4EA7FD9720F896D200740480 /* FlagView.swift */; };
		4EA7FD9A20F896EB00740480 /* FlagViewDisplay.swift in Sources */ = {isa = PBXBuildFile; fileRef = 4EA7FD9920F896EB00740480 /* FlagViewDisplay.swift */; };
		4EA7FD9C20F896FE00740480 /* Letter.swift in Sources */ = {isa = PBXBuildFile; fileRef = 4EA7FD9B20F896FE00740480 /* Letter.swift */; };
		4EA7FD9E20F8971000740480 /* LineView.swift in Sources */ = {isa = PBXBuildFile; fileRef = 4EA7FD9D20F8971000740480 /* LineView.swift */; };
		4EA7FDA020F8971F00740480 /* PauseButton.swift in Sources */ = {isa = PBXBuildFile; fileRef = 4EA7FD9F20F8971F00740480 /* PauseButton.swift */; };
		4EA7FDA220F8974E00740480 /* Functions.swift in Sources */ = {isa = PBXBuildFile; fileRef = 4EA7FDA120F8974E00740480 /* Functions.swift */; };
		4EA7FDA420F8976B00740480 /* Protocols.swift in Sources */ = {isa = PBXBuildFile; fileRef = 4EA7FDA320F8976B00740480 /* Protocols.swift */; };
		4EA7FDA620F8977E00740480 /* StarterFunctions.swift in Sources */ = {isa = PBXBuildFile; fileRef = 4EA7FDA520F8977E00740480 /* StarterFunctions.swift */; };
		4EA7FDA820F8978C00740480 /* Variables.swift in Sources */ = {isa = PBXBuildFile; fileRef = 4EA7FDA720F8978C00740480 /* Variables.swift */; };
		4EA7FDAC20F897A700740480 /* Vibrate.swift in Sources */ = {isa = PBXBuildFile; fileRef = 4EA7FDAB20F897A700740480 /* Vibrate.swift */; };
		4EA7FDAE20F8987700740480 /* BombView.swift in Sources */ = {isa = PBXBuildFile; fileRef = 4EA7FDAD20F8987700740480 /* BombView.swift */; };
		4EAAE0F221242982003F9BFE /* ScoreModel.swift in Sources */ = {isa = PBXBuildFile; fileRef = 4EAAE0F121242982003F9BFE /* ScoreModel.swift */; };
		4EAAE0F621242B11003F9BFE /* CloudKit.framework in Frameworks */ = {isa = PBXBuildFile; fileRef = 4EAAE0F521242B11003F9BFE /* CloudKit.framework */; };
		4EAAE0F8212434E9003F9BFE /* ScoreStarView.swift in Sources */ = {isa = PBXBuildFile; fileRef = 4EAAE0F7212434E9003F9BFE /* ScoreStarView.swift */; };
		4EAAE0FA21243810003F9BFE /* NextLevelButton.swift in Sources */ = {isa = PBXBuildFile; fileRef = 4EAAE0F921243810003F9BFE /* NextLevelButton.swift */; };
		4EAAE0FC21244024003F9BFE /* MoneyPackage.swift in Sources */ = {isa = PBXBuildFile; fileRef = 4EAAE0FB21244024003F9BFE /* MoneyPackage.swift */; };
		4EAAE0FE212444DE003F9BFE /* ScoreViewController.swift in Sources */ = {isa = PBXBuildFile; fileRef = 4EAAE0FD212444DE003F9BFE /* ScoreViewController.swift */; };
		4EB7D4FA211B38C000BE3E42 /* BoutiqueViewController.swift in Sources */ = {isa = PBXBuildFile; fileRef = 4EB7D4F9211B38C000BE3E42 /* BoutiqueViewController.swift */; };
		4EB7D4FC211B3EEC00BE3E42 /* BonusBoutiqueTableViewCell.swift in Sources */ = {isa = PBXBuildFile; fileRef = 4EB7D4FB211B3EEB00BE3E42 /* BonusBoutiqueTableViewCell.swift */; };
		4EB822B8210E3101009290C3 /* InfiniteFunctions.swift in Sources */ = {isa = PBXBuildFile; fileRef = 4EB822B7210E3101009290C3 /* InfiniteFunctions.swift */; };
		4EE06BBF219E7663004ED7D6 /* UserDefaultsManager.swift in Sources */ = {isa = PBXBuildFile; fileRef = 4EE06BBE219E7663004ED7D6 /* UserDefaultsManager.swift */; };
		4EEE8E8B22A5914200F89875 /* GameViewController.swift in Sources */ = {isa = PBXBuildFile; fileRef = 4EEE8E8A22A5914200F89875 /* GameViewController.swift */; };
		4EF20A3821343FCA00E08BBF /* TransitionToScore.swift in Sources */ = {isa = PBXBuildFile; fileRef = 4EF20A3721343FCA00E08BBF /* TransitionToScore.swift */; };
		9C0084BC2126D94900490F97 /* ThemeBoutiqueTableViewCell.swift in Sources */ = {isa = PBXBuildFile; fileRef = 9C0084BB2126D94900490F97 /* ThemeBoutiqueTableViewCell.swift */; };
		9C0084BE2126E64A00490F97 /* LockView.swift in Sources */ = {isa = PBXBuildFile; fileRef = 9C0084BD2126E64A00490F97 /* LockView.swift */; };
		9C0084C02128548A00490F97 /* SkillUpArrowView.swift in Sources */ = {isa = PBXBuildFile; fileRef = 9C0084BF2128548A00490F97 /* SkillUpArrowView.swift */; };
		9C0F2FDF212032FA00B79B4F /* TransitionToBoutique.swift in Sources */ = {isa = PBXBuildFile; fileRef = 9C0F2FDE212032FA00B79B4F /* TransitionToBoutique.swift */; };
		9C0F2FE121206FB000B79B4F /* HeaderInfinite.swift in Sources */ = {isa = PBXBuildFile; fileRef = 9C0F2FE021206FB000B79B4F /* HeaderInfinite.swift */; };
		9C0F2FE32121EB9000B79B4F /* TransitionToInfinitePresentationViewController.swift in Sources */ = {isa = PBXBuildFile; fileRef = 9C0F2FE22121EB9000B79B4F /* TransitionToInfinitePresentationViewController.swift */; };
		9C312F4C21089C43002A86C8 /* TransitionToWinLose.swift in Sources */ = {isa = PBXBuildFile; fileRef = 9C312F4B21089C43002A86C8 /* TransitionToWinLose.swift */; };
		9C47795C20FA55930094A358 /* MessageEndOfSection.swift in Sources */ = {isa = PBXBuildFile; fileRef = 9C47795B20FA55930094A358 /* MessageEndOfSection.swift */; };
		9C6E629A20FC96A6003B98C9 /* TransitionToHistoryMenuViewController.swift in Sources */ = {isa = PBXBuildFile; fileRef = 9C6E629920FC96A6003B98C9 /* TransitionToHistoryMenuViewController.swift */; };
		9C745D2F20FB7B5800741ED2 /* Animator.swift in Sources */ = {isa = PBXBuildFile; fileRef = 9C745D2E20FB7B5800741ED2 /* Animator.swift */; };
		9CA08A2F21243A50006BC68E /* PieceBoutiqueTableViewCell.swift in Sources */ = {isa = PBXBuildFile; fileRef = 9CA08A2E21243A50006BC68E /* PieceBoutiqueTableViewCell.swift */; };
		9CA08A3121243EB3006BC68E /* InAppPurchaseButton.swift in Sources */ = {isa = PBXBuildFile; fileRef = 9CA08A3021243EB3006BC68E /* InAppPurchaseButton.swift */; };
		9CEBDF7520FF9CD1001C0E54 /* BonusChoiceView.swift in Sources */ = {isa = PBXBuildFile; fileRef = 9CEBDF7420FF9CD1001C0E54 /* BonusChoiceView.swift */; };
/* End PBXBuildFile section */

/* Begin PBXFileReference section */
		4E02A1352109DF580040BA88 /* Base */ = {isa = PBXFileReference; lastKnownFileType = file.storyboard; name = Base; path = Demineur/Base.lproj/Tutorial.storyboard; sourceTree = "<group>"; };
		4E02A1382109E1700040BA88 /* MenuTutorialViewController.swift */ = {isa = PBXFileReference; lastKnownFileType = sourcecode.swift; path = MenuTutorialViewController.swift; sourceTree = "<group>"; };
		4E21E4A4229D67B50092A620 /* UIView.swift */ = {isa = PBXFileReference; lastKnownFileType = sourcecode.swift; name = UIView.swift; path = ../UIView.swift; sourceTree = "<group>"; };
		4E29899B213DAAAE003D98D1 /* SuperPartiesPresentationViewController.swift */ = {isa = PBXFileReference; lastKnownFileType = sourcecode.swift; path = SuperPartiesPresentationViewController.swift; sourceTree = "<group>"; };
		4E29899D213DB1AB003D98D1 /* SuperPartiesTableViewCell.swift */ = {isa = PBXFileReference; lastKnownFileType = sourcecode.swift; path = SuperPartiesTableViewCell.swift; sourceTree = "<group>"; };
		4E29899F213DBBF2003D98D1 /* SquarePresentationButton.swift */ = {isa = PBXFileReference; lastKnownFileType = sourcecode.swift; path = SquarePresentationButton.swift; sourceTree = "<group>"; };
		4E2989A1213DBDCE003D98D1 /* HexPresentationButton.swift */ = {isa = PBXFileReference; lastKnownFileType = sourcecode.swift; path = HexPresentationButton.swift; sourceTree = "<group>"; };
		4E2989A3213DC774003D98D1 /* TriangularPresentationButton.swift */ = {isa = PBXFileReference; lastKnownFileType = sourcecode.swift; path = TriangularPresentationButton.swift; sourceTree = "<group>"; };
		4E301FA221A0BFA600DAB959 /* LocalScore.swift */ = {isa = PBXFileReference; lastKnownFileType = sourcecode.swift; path = LocalScore.swift; sourceTree = "<group>"; };
		4E301FA521A0C4BF00DAB959 /* CountingTimer.swift */ = {isa = PBXFileReference; lastKnownFileType = sourcecode.swift; path = CountingTimer.swift; sourceTree = "<group>"; };
		4E301FA721A0C4DB00DAB959 /* LimitedTimer.swift */ = {isa = PBXFileReference; lastKnownFileType = sourcecode.swift; path = LimitedTimer.swift; sourceTree = "<group>"; };
		4E301FAD21A0D98100DAB959 /* Enums.swift */ = {isa = PBXFileReference; lastKnownFileType = sourcecode.swift; path = Enums.swift; sourceTree = "<group>"; };
		4E301FAF21A0D9AF00DAB959 /* Section.swift */ = {isa = PBXFileReference; lastKnownFileType = sourcecode.swift; path = Section.swift; sourceTree = "<group>"; };
		4E301FB121A0D9CE00DAB959 /* OneGame.swift */ = {isa = PBXFileReference; lastKnownFileType = sourcecode.swift; path = OneGame.swift; sourceTree = "<group>"; };
		4E301FB321A0DA0B00DAB959 /* BonusDescription.swift */ = {isa = PBXFileReference; lastKnownFileType = sourcecode.swift; path = BonusDescription.swift; sourceTree = "<group>"; };
		4E301FB521A0DA3900DAB959 /* PackageDescription.swift */ = {isa = PBXFileReference; lastKnownFileType = sourcecode.swift; path = PackageDescription.swift; sourceTree = "<group>"; };
		4E301FB721A0DA7C00DAB959 /* IsTheGameStarted.swift */ = {isa = PBXFileReference; lastKnownFileType = sourcecode.swift; path = IsTheGameStarted.swift; sourceTree = "<group>"; };
		4E36C10E211DD78900F810B7 /* InfinitePresentationViewController.swift */ = {isa = PBXFileReference; lastKnownFileType = sourcecode.swift; path = InfinitePresentationViewController.swift; sourceTree = "<group>"; };
		4E3705E02130304B00972B51 /* ReglageViewController.swift */ = {isa = PBXFileReference; lastKnownFileType = sourcecode.swift; path = ReglageViewController.swift; sourceTree = "<group>"; };
		4E3705E52131571600972B51 /* song1.m4a */ = {isa = PBXFileReference; lastKnownFileType = file; path = song1.m4a; sourceTree = "<group>"; };
		4E3705E621315A4700972B51 /* Sound.swift */ = {isa = PBXFileReference; lastKnownFileType = sourcecode.swift; path = Sound.swift; sourceTree = "<group>"; };
		4E3705E92131652D00972B51 /* NiceButton.swift */ = {isa = PBXFileReference; lastKnownFileType = sourcecode.swift; path = NiceButton.swift; sourceTree = "<group>"; };
		4E3705EB213168E100972B51 /* TransitionToReglage.swift */ = {isa = PBXFileReference; lastKnownFileType = sourcecode.swift; path = TransitionToReglage.swift; sourceTree = "<group>"; };
		4E3A4F1D20FD277100EB5978 /* CheckerButton.swift */ = {isa = PBXFileReference; lastKnownFileType = sourcecode.swift; path = CheckerButton.swift; sourceTree = "<group>"; };
		4E3A4F1F20FDFC5500EB5978 /* AchatBoutiqueBouton.swift */ = {isa = PBXFileReference; lastKnownFileType = sourcecode.swift; path = AchatBoutiqueBouton.swift; sourceTree = "<group>"; };
		4E3A4F2120FE07A300EB5978 /* PieceView.swift */ = {isa = PBXFileReference; lastKnownFileType = sourcecode.swift; path = PieceView.swift; sourceTree = "<group>"; };
		4E44EACB21ADF6AB00DABB51 /* MessageManagor.swift */ = {isa = PBXFileReference; lastKnownFileType = sourcecode.swift; path = MessageManagor.swift; sourceTree = "<group>"; };
		4E4A9F7A22A7C1AE00FC6E66 /* SavedCase.swift */ = {isa = PBXFileReference; lastKnownFileType = sourcecode.swift; path = SavedCase.swift; sourceTree = "<group>"; };
		4E4A9F7C22A7C20500FC6E66 /* SuperPartieGame.swift */ = {isa = PBXFileReference; lastKnownFileType = sourcecode.swift; path = SuperPartieGame.swift; sourceTree = "<group>"; };
		4E4E18CD2104F5C100B0AB30 /* HeartView.swift */ = {isa = PBXFileReference; lastKnownFileType = sourcecode.swift; path = HeartView.swift; sourceTree = "<group>"; };
		4E512009210B2B2F00736375 /* YesNoButton.swift */ = {isa = PBXFileReference; lastKnownFileType = sourcecode.swift; path = YesNoButton.swift; sourceTree = "<group>"; };
		4E5F79E921ABBD3800955D36 /* HexViewOfGame.swift */ = {isa = PBXFileReference; lastKnownFileType = sourcecode.swift; path = HexViewOfGame.swift; sourceTree = "<group>"; };
		4E6AFDD021ACBA4200A94A16 /* TriangleViewOfGame.swift */ = {isa = PBXFileReference; lastKnownFileType = sourcecode.swift; path = TriangleViewOfGame.swift; sourceTree = "<group>"; };
		4E7725C420FD088C00B24FBE /* HautParleur.swift */ = {isa = PBXFileReference; lastKnownFileType = sourcecode.swift; path = HautParleur.swift; sourceTree = "<group>"; };
		4E79480121386A0100FF462C /* SuperPartiesGameViewController.swift */ = {isa = PBXFileReference; lastKnownFileType = sourcecode.swift; path = SuperPartiesGameViewController.swift; sourceTree = "<group>"; };
		4E88CAC120FF38B100DAD9DB /* BonusView.swift */ = {isa = PBXFileReference; lastKnownFileType = sourcecode.swift; path = BonusView.swift; sourceTree = "<group>"; };
		4E88CAC32101338F00DAD9DB /* TransitionToGameView.swift */ = {isa = PBXFileReference; lastKnownFileType = sourcecode.swift; path = TransitionToGameView.swift; sourceTree = "<group>"; };
		4E8FC31B20F91985000A9BCB /* Demineur.xcdatamodel */ = {isa = PBXFileReference; lastKnownFileType = wrapper.xcdatamodel; path = Demineur.xcdatamodel; sourceTree = "<group>"; };
		4E98AD8121AB6EFC0041DD2E /* ViewOfGame.swift */ = {isa = PBXFileReference; lastKnownFileType = sourcecode.swift; path = ViewOfGame.swift; sourceTree = "<group>"; };
		4E98AD8321AB6F110041DD2E /* Case.swift */ = {isa = PBXFileReference; lastKnownFileType = sourcecode.swift; path = Case.swift; sourceTree = "<group>"; };
		4E98AD8521AB866A0041DD2E /* SquareViewOfGame.swift */ = {isa = PBXFileReference; lastKnownFileType = sourcecode.swift; path = SquareViewOfGame.swift; sourceTree = "<group>"; };
		4E98BBC42132E2A00054C7E7 /* fr */ = {isa = PBXFileReference; lastKnownFileType = text.plist.strings; name = fr; path = fr.lproj/Main.strings; sourceTree = "<group>"; };
		4E98BBC52132E2A00054C7E7 /* fr */ = {isa = PBXFileReference; lastKnownFileType = text.plist.strings; name = fr; path = Demineur/fr.lproj/Tutorial.strings; sourceTree = "<group>"; };
		4E98BBC62132E2A00054C7E7 /* fr */ = {isa = PBXFileReference; lastKnownFileType = text.plist.strings; name = fr; path = fr.lproj/LaunchScreen.strings; sourceTree = "<group>"; };
		4E98BBCA2132E2D30054C7E7 /* en */ = {isa = PBXFileReference; lastKnownFileType = text.plist.strings; name = en; path = en.lproj/Localizable.strings; sourceTree = "<group>"; };
		4E98BBCC2132E2DD0054C7E7 /* fr */ = {isa = PBXFileReference; lastKnownFileType = text.plist.strings; name = fr; path = fr.lproj/Localizable.strings; sourceTree = "<group>"; };
		4E98BBCD21335AB30054C7E7 /* TutorialViewController.swift */ = {isa = PBXFileReference; lastKnownFileType = sourcecode.swift; path = TutorialViewController.swift; sourceTree = "<group>"; };
		4E98BBCF21340E920054C7E7 /* TransitionToTutoriel.swift */ = {isa = PBXFileReference; lastKnownFileType = sourcecode.swift; path = TransitionToTutoriel.swift; sourceTree = "<group>"; };
		4EA2893A20FD005C0069692F /* MenuPauseIconsButtons.swift */ = {isa = PBXFileReference; lastKnownFileType = sourcecode.swift; path = MenuPauseIconsButtons.swift; sourceTree = "<group>"; };
		4EA2FAD6210624090039846E /* WinLooseViewController.swift */ = {isa = PBXFileReference; lastKnownFileType = sourcecode.swift; path = WinLooseViewController.swift; sourceTree = "<group>"; };
		4EA76A9820FB6E9C00E940C8 /* ArticleViewController.swift */ = {isa = PBXFileReference; lastKnownFileType = sourcecode.swift; path = ArticleViewController.swift; sourceTree = "<group>"; };
		4EA7FD5320F893E700740480 /* Demineur.app */ = {isa = PBXFileReference; explicitFileType = wrapper.application; includeInIndex = 0; path = Demineur.app; sourceTree = BUILT_PRODUCTS_DIR; };
		4EA7FD5620F893E700740480 /* AppDelegate.swift */ = {isa = PBXFileReference; lastKnownFileType = sourcecode.swift; path = AppDelegate.swift; sourceTree = "<group>"; };
		4EA7FD5B20F893E700740480 /* Base */ = {isa = PBXFileReference; lastKnownFileType = file.storyboard; name = Base; path = Base.lproj/Main.storyboard; sourceTree = "<group>"; };
		4EA7FD5D20F893E800740480 /* Assets.xcassets */ = {isa = PBXFileReference; lastKnownFileType = folder.assetcatalog; path = Assets.xcassets; sourceTree = "<group>"; };
		4EA7FD6020F893E800740480 /* Base */ = {isa = PBXFileReference; lastKnownFileType = file.storyboard; name = Base; path = Base.lproj/LaunchScreen.storyboard; sourceTree = "<group>"; };
		4EA7FD6220F893E800740480 /* Info.plist */ = {isa = PBXFileReference; lastKnownFileType = text.plist.xml; path = Info.plist; sourceTree = "<group>"; };
		4EA7FD6B20F894E200740480 /* MenuViewController.swift */ = {isa = PBXFileReference; lastKnownFileType = sourcecode.swift; path = MenuViewController.swift; sourceTree = "<group>"; };
		4EA7FD6D20F894F600740480 /* PauseViewController.swift */ = {isa = PBXFileReference; lastKnownFileType = sourcecode.swift; path = PauseViewController.swift; sourceTree = "<group>"; };
		4EA7FD6F20F8951300740480 /* InfiniteGameViewController.swift */ = {isa = PBXFileReference; lastKnownFileType = sourcecode.swift; path = InfiniteGameViewController.swift; sourceTree = "<group>"; };
		4EA7FD7120F8953500740480 /* HistoryPresentationViewController.swift */ = {isa = PBXFileReference; lastKnownFileType = sourcecode.swift; path = HistoryPresentationViewController.swift; sourceTree = "<group>"; };
		4EA7FD7320F8954B00740480 /* HistoryGameViewController.swift */ = {isa = PBXFileReference; lastKnownFileType = sourcecode.swift; path = HistoryGameViewController.swift; sourceTree = "<group>"; };
		4EA7FD7620F8957A00740480 /* RoundButtonWithNumber.swift */ = {isa = PBXFileReference; lastKnownFileType = sourcecode.swift; path = RoundButtonWithNumber.swift; sourceTree = "<group>"; };
		4EA7FD7920F8959C00740480 /* EndTableViewCell.swift */ = {isa = PBXFileReference; lastKnownFileType = sourcecode.swift; path = EndTableViewCell.swift; sourceTree = "<group>"; };
		4EA7FD7B20F895B000740480 /* StartTableViewCell.swift */ = {isa = PBXFileReference; lastKnownFileType = sourcecode.swift; path = StartTableViewCell.swift; sourceTree = "<group>"; };
		4EA7FD7D20F895C900740480 /* Type1TableViewCell.swift */ = {isa = PBXFileReference; lastKnownFileType = sourcecode.swift; path = Type1TableViewCell.swift; sourceTree = "<group>"; };
		4EA7FD7F20F895DB00740480 /* Type2TableViewCell.swift */ = {isa = PBXFileReference; lastKnownFileType = sourcecode.swift; path = Type2TableViewCell.swift; sourceTree = "<group>"; };
		4EA7FD8320F8960700740480 /* HexCase.swift */ = {isa = PBXFileReference; lastKnownFileType = sourcecode.swift; path = HexCase.swift; sourceTree = "<group>"; };
		4EA7FD8520F8961C00740480 /* RayureDrawing.swift */ = {isa = PBXFileReference; lastKnownFileType = sourcecode.swift; path = RayureDrawing.swift; sourceTree = "<group>"; };
		4EA7FD8720F8962B00740480 /* SquareCase.swift */ = {isa = PBXFileReference; lastKnownFileType = sourcecode.swift; path = SquareCase.swift; sourceTree = "<group>"; };
		4EA7FD8920F8963E00740480 /* TriangularCase.swift */ = {isa = PBXFileReference; lastKnownFileType = sourcecode.swift; path = TriangularCase.swift; sourceTree = "<group>"; };
		4EA7FD9320F896B500740480 /* BombViewDisplay.swift */ = {isa = PBXFileReference; lastKnownFileType = sourcecode.swift; path = BombViewDisplay.swift; sourceTree = "<group>"; };
		4EA7FD9520F896C200740480 /* ClockView.swift */ = {isa = PBXFileReference; lastKnownFileType = sourcecode.swift; path = ClockView.swift; sourceTree = "<group>"; };
		4EA7FD9720F896D200740480 /* FlagView.swift */ = {isa = PBXFileReference; lastKnownFileType = sourcecode.swift; path = FlagView.swift; sourceTree = "<group>"; };
		4EA7FD9920F896EB00740480 /* FlagViewDisplay.swift */ = {isa = PBXFileReference; lastKnownFileType = sourcecode.swift; path = FlagViewDisplay.swift; sourceTree = "<group>"; };
		4EA7FD9B20F896FE00740480 /* Letter.swift */ = {isa = PBXFileReference; lastKnownFileType = sourcecode.swift; path = Letter.swift; sourceTree = "<group>"; };
		4EA7FD9D20F8971000740480 /* LineView.swift */ = {isa = PBXFileReference; lastKnownFileType = sourcecode.swift; path = LineView.swift; sourceTree = "<group>"; };
		4EA7FD9F20F8971F00740480 /* PauseButton.swift */ = {isa = PBXFileReference; lastKnownFileType = sourcecode.swift; path = PauseButton.swift; sourceTree = "<group>"; };
		4EA7FDA120F8974E00740480 /* Functions.swift */ = {isa = PBXFileReference; lastKnownFileType = sourcecode.swift; path = Functions.swift; sourceTree = "<group>"; };
		4EA7FDA320F8976B00740480 /* Protocols.swift */ = {isa = PBXFileReference; lastKnownFileType = sourcecode.swift; path = Protocols.swift; sourceTree = "<group>"; };
		4EA7FDA520F8977E00740480 /* StarterFunctions.swift */ = {isa = PBXFileReference; lastKnownFileType = sourcecode.swift; path = StarterFunctions.swift; sourceTree = "<group>"; };
		4EA7FDA720F8978C00740480 /* Variables.swift */ = {isa = PBXFileReference; lastKnownFileType = sourcecode.swift; path = Variables.swift; sourceTree = "<group>"; };
		4EA7FDAB20F897A700740480 /* Vibrate.swift */ = {isa = PBXFileReference; lastKnownFileType = sourcecode.swift; path = Vibrate.swift; sourceTree = "<group>"; };
		4EA7FDAD20F8987700740480 /* BombView.swift */ = {isa = PBXFileReference; lastKnownFileType = sourcecode.swift; path = BombView.swift; sourceTree = "<group>"; };
		4EAAE0F121242982003F9BFE /* ScoreModel.swift */ = {isa = PBXFileReference; lastKnownFileType = sourcecode.swift; path = ScoreModel.swift; sourceTree = "<group>"; };
		4EAAE0F321242B0C003F9BFE /* Demineur.entitlements */ = {isa = PBXFileReference; lastKnownFileType = text.plist.entitlements; path = Demineur.entitlements; sourceTree = "<group>"; };
		4EAAE0F521242B11003F9BFE /* CloudKit.framework */ = {isa = PBXFileReference; lastKnownFileType = wrapper.framework; name = CloudKit.framework; path = System/Library/Frameworks/CloudKit.framework; sourceTree = SDKROOT; };
		4EAAE0F7212434E9003F9BFE /* ScoreStarView.swift */ = {isa = PBXFileReference; lastKnownFileType = sourcecode.swift; path = ScoreStarView.swift; sourceTree = "<group>"; };
		4EAAE0F921243810003F9BFE /* NextLevelButton.swift */ = {isa = PBXFileReference; lastKnownFileType = sourcecode.swift; path = NextLevelButton.swift; sourceTree = "<group>"; };
		4EAAE0FB21244024003F9BFE /* MoneyPackage.swift */ = {isa = PBXFileReference; lastKnownFileType = sourcecode.swift; path = MoneyPackage.swift; sourceTree = "<group>"; };
		4EAAE0FD212444DE003F9BFE /* ScoreViewController.swift */ = {isa = PBXFileReference; lastKnownFileType = sourcecode.swift; path = ScoreViewController.swift; sourceTree = "<group>"; };
		4EB7D4F9211B38C000BE3E42 /* BoutiqueViewController.swift */ = {isa = PBXFileReference; lastKnownFileType = sourcecode.swift; path = BoutiqueViewController.swift; sourceTree = "<group>"; wrapsLines = 0; };
		4EB7D4FB211B3EEB00BE3E42 /* BonusBoutiqueTableViewCell.swift */ = {isa = PBXFileReference; lastKnownFileType = sourcecode.swift; path = BonusBoutiqueTableViewCell.swift; sourceTree = "<group>"; };
		4EB822B7210E3101009290C3 /* InfiniteFunctions.swift */ = {isa = PBXFileReference; lastKnownFileType = sourcecode.swift; path = InfiniteFunctions.swift; sourceTree = "<group>"; };
		4EE06BBE219E7663004ED7D6 /* UserDefaultsManager.swift */ = {isa = PBXFileReference; lastKnownFileType = sourcecode.swift; path = UserDefaultsManager.swift; sourceTree = "<group>"; };
		4EEE8E8A22A5914200F89875 /* GameViewController.swift */ = {isa = PBXFileReference; lastKnownFileType = sourcecode.swift; path = GameViewController.swift; sourceTree = "<group>"; };
		4EF20A3721343FCA00E08BBF /* TransitionToScore.swift */ = {isa = PBXFileReference; lastKnownFileType = sourcecode.swift; path = TransitionToScore.swift; sourceTree = "<group>"; };
		9C0084BB2126D94900490F97 /* ThemeBoutiqueTableViewCell.swift */ = {isa = PBXFileReference; lastKnownFileType = sourcecode.swift; path = ThemeBoutiqueTableViewCell.swift; sourceTree = "<group>"; };
		9C0084BD2126E64A00490F97 /* LockView.swift */ = {isa = PBXFileReference; lastKnownFileType = sourcecode.swift; path = LockView.swift; sourceTree = "<group>"; };
		9C0084BF2128548A00490F97 /* SkillUpArrowView.swift */ = {isa = PBXFileReference; lastKnownFileType = sourcecode.swift; path = SkillUpArrowView.swift; sourceTree = "<group>"; };
		9C0F2FDE212032FA00B79B4F /* TransitionToBoutique.swift */ = {isa = PBXFileReference; lastKnownFileType = sourcecode.swift; path = TransitionToBoutique.swift; sourceTree = "<group>"; };
		9C0F2FE021206FB000B79B4F /* HeaderInfinite.swift */ = {isa = PBXFileReference; lastKnownFileType = sourcecode.swift; path = HeaderInfinite.swift; sourceTree = "<group>"; };
		9C0F2FE22121EB9000B79B4F /* TransitionToInfinitePresentationViewController.swift */ = {isa = PBXFileReference; lastKnownFileType = sourcecode.swift; path = TransitionToInfinitePresentationViewController.swift; sourceTree = "<group>"; };
		9C312F4B21089C43002A86C8 /* TransitionToWinLose.swift */ = {isa = PBXFileReference; lastKnownFileType = sourcecode.swift; path = TransitionToWinLose.swift; sourceTree = "<group>"; };
		9C47795B20FA55930094A358 /* MessageEndOfSection.swift */ = {isa = PBXFileReference; lastKnownFileType = sourcecode.swift; path = MessageEndOfSection.swift; sourceTree = "<group>"; };
		9C6E629920FC96A6003B98C9 /* TransitionToHistoryMenuViewController.swift */ = {isa = PBXFileReference; lastKnownFileType = sourcecode.swift; path = TransitionToHistoryMenuViewController.swift; sourceTree = "<group>"; };
		9C745D2E20FB7B5800741ED2 /* Animator.swift */ = {isa = PBXFileReference; lastKnownFileType = sourcecode.swift; path = Animator.swift; sourceTree = "<group>"; };
		9CA08A2E21243A50006BC68E /* PieceBoutiqueTableViewCell.swift */ = {isa = PBXFileReference; lastKnownFileType = sourcecode.swift; path = PieceBoutiqueTableViewCell.swift; sourceTree = "<group>"; };
		9CA08A3021243EB3006BC68E /* InAppPurchaseButton.swift */ = {isa = PBXFileReference; lastKnownFileType = sourcecode.swift; path = InAppPurchaseButton.swift; sourceTree = "<group>"; };
		9CEBDF7420FF9CD1001C0E54 /* BonusChoiceView.swift */ = {isa = PBXFileReference; lastKnownFileType = sourcecode.swift; path = BonusChoiceView.swift; sourceTree = "<group>"; };
/* End PBXFileReference section */

/* Begin PBXFrameworksBuildPhase section */
		4EA7FD5020F893E700740480 /* Frameworks */ = {
			isa = PBXFrameworksBuildPhase;
			buildActionMask = 2147483647;
			files = (
				4EAAE0F621242B11003F9BFE /* CloudKit.framework in Frameworks */,
			);
			runOnlyForDeploymentPostprocessing = 0;
		};
/* End PBXFrameworksBuildPhase section */

/* Begin PBXGroup section */
		4E02A1372109E1480040BA88 /* VC_Tutorial */ = {
			isa = PBXGroup;
			children = (
				4E02A1382109E1700040BA88 /* MenuTutorialViewController.swift */,
			);
			path = VC_Tutorial;
			sourceTree = "<group>";
		};
		4E21E4A6229D67C90092A620 /* Swift */ = {
			isa = PBXGroup;
			children = (
				4E301FAD21A0D98100DAB959 /* Enums.swift */,
				4EA7FDA320F8976B00740480 /* Protocols.swift */,
				4E21E4A4229D67B50092A620 /* UIView.swift */,
			);
			path = Swift;
			sourceTree = "<group>";
		};
		4E301FA121A0BF7100DAB959 /* Datas */ = {
			isa = PBXGroup;
			children = (
				4EE06BBE219E7663004ED7D6 /* UserDefaultsManager.swift */,
				4EAAE0F121242982003F9BFE /* ScoreModel.swift */,
				4E301FA221A0BFA600DAB959 /* LocalScore.swift */,
			);
			path = Datas;
			sourceTree = "<group>";
		};
		4E301FA421A0C4AB00DAB959 /* Timers */ = {
			isa = PBXGroup;
			children = (
				4E301FA521A0C4BF00DAB959 /* CountingTimer.swift */,
				4E301FA721A0C4DB00DAB959 /* LimitedTimer.swift */,
			);
			path = Timers;
			sourceTree = "<group>";
		};
		4E301FA921A0C51700DAB959 /* Utilities */ = {
			isa = PBXGroup;
			children = (
				9C745D2E20FB7B5800741ED2 /* Animator.swift */,
				4EA7FDAB20F897A700740480 /* Vibrate.swift */,
				4E3705E621315A4700972B51 /* Sound.swift */,
			);
			path = Utilities;
			sourceTree = "<group>";
		};
		4E301FAC21A0D96500DAB959 /* GameDescription */ = {
			isa = PBXGroup;
			children = (
				4E301FAF21A0D9AF00DAB959 /* Section.swift */,
				4E301FB121A0D9CE00DAB959 /* OneGame.swift */,
				4E301FB321A0DA0B00DAB959 /* BonusDescription.swift */,
				4E301FB521A0DA3900DAB959 /* PackageDescription.swift */,
				4E301FB721A0DA7C00DAB959 /* IsTheGameStarted.swift */,
				4EA7FDA720F8978C00740480 /* Variables.swift */,
			);
			path = GameDescription;
			sourceTree = "<group>";
		};
		4E4A9F7922A7C18D00FC6E66 /* CoreData */ = {
			isa = PBXGroup;
			children = (
				4E8FC31A20F91985000A9BCB /* Demineur.xcdatamodeld */,
				4E4A9F7A22A7C1AE00FC6E66 /* SavedCase.swift */,
				4E4A9F7C22A7C20500FC6E66 /* SuperPartieGame.swift */,
			);
			path = CoreData;
			sourceTree = "<group>";
		};
		4EA7FD4A20F893E700740480 = {
			isa = PBXGroup;
			children = (
				4E4A9F7922A7C18D00FC6E66 /* CoreData */,
				9C6E629B20FC96AA003B98C9 /* CustomTransitions */,
				4EA7FD6820F894A700740480 /* Logic */,
				4EA7FD6920F894B300740480 /* UIVIews */,
				4EA7FD6A20F894BE00740480 /* VC */,
				4E02A1372109E1480040BA88 /* VC_Tutorial */,
				4EA7FD5520F893E700740480 /* Demineur */,
				4EA7FD5420F893E700740480 /* Products */,
				4EAAE0F421242B11003F9BFE /* Frameworks */,
				4EF20A3621343F4600E08BBF /* Recovered References */,
			);
			sourceTree = "<group>";
		};
		4EA7FD5420F893E700740480 /* Products */ = {
			isa = PBXGroup;
			children = (
				4EA7FD5320F893E700740480 /* Demineur.app */,
			);
			name = Products;
			sourceTree = "<group>";
		};
		4EA7FD5520F893E700740480 /* Demineur */ = {
			isa = PBXGroup;
			children = (
				4EAAE0F321242B0C003F9BFE /* Demineur.entitlements */,
				4EA7FD5620F893E700740480 /* AppDelegate.swift */,
				4EA7FD5A20F893E700740480 /* Main.storyboard */,
				4E02A1342109DF580040BA88 /* Tutorial.storyboard */,
				4EA7FD5F20F893E800740480 /* LaunchScreen.storyboard */,
				4EA7FD5D20F893E800740480 /* Assets.xcassets */,
				4E3705E52131571600972B51 /* song1.m4a */,
				4EA7FD6220F893E800740480 /* Info.plist */,
				4E98BBCB2132E2D30054C7E7 /* Localizable.strings */,
			);
			path = Demineur;
			sourceTree = "<group>";
		};
		4EA7FD6820F894A700740480 /* Logic */ = {
			isa = PBXGroup;
			children = (
				4E21E4A6229D67C90092A620 /* Swift */,
				4E301FAC21A0D96500DAB959 /* GameDescription */,
				4E301FA921A0C51700DAB959 /* Utilities */,
				4E301FA421A0C4AB00DAB959 /* Timers */,
				4E301FA121A0BF7100DAB959 /* Datas */,
				4EA7FDA120F8974E00740480 /* Functions.swift */,
				4E44EACB21ADF6AB00DABB51 /* MessageManagor.swift */,
				4EA7FDA520F8977E00740480 /* StarterFunctions.swift */,
				4EB822B7210E3101009290C3 /* InfiniteFunctions.swift */,
			);
			path = Logic;
			sourceTree = "<group>";
		};
		4EA7FD6920F894B300740480 /* UIVIews */ = {
			isa = PBXGroup;
			children = (
				9CEBDF7420FF9CD1001C0E54 /* BonusChoiceView.swift */,
				4EEE8E8722A5566A00F89875 /* GameViews */,
				4EA7FD9220F8969D00740480 /* Graphism */,
				4EA7FD7820F8958700740480 /* Cells */,
				4EA7FD7520F8956200740480 /* Buttons */,
			);
			path = UIVIews;
			sourceTree = "<group>";
		};
		4EA7FD6A20F894BE00740480 /* VC */ = {
			isa = PBXGroup;
			children = (
				4EA7FD6B20F894E200740480 /* MenuViewController.swift */,
				4E36C10E211DD78900F810B7 /* InfinitePresentationViewController.swift */,
				4E29899B213DAAAE003D98D1 /* SuperPartiesPresentationViewController.swift */,
				4EA7FD7120F8953500740480 /* HistoryPresentationViewController.swift */,
				4EEE8E8A22A5914200F89875 /* GameViewController.swift */,
				4EA7FD6F20F8951300740480 /* InfiniteGameViewController.swift */,
				4EA7FD7320F8954B00740480 /* HistoryGameViewController.swift */,
				4E79480121386A0100FF462C /* SuperPartiesGameViewController.swift */,
				4EA7FD6D20F894F600740480 /* PauseViewController.swift */,
				4EA76A9820FB6E9C00E940C8 /* ArticleViewController.swift */,
				4EA2FAD6210624090039846E /* WinLooseViewController.swift */,
				4EB7D4F9211B38C000BE3E42 /* BoutiqueViewController.swift */,
				4EAAE0FD212444DE003F9BFE /* ScoreViewController.swift */,
				4E3705E02130304B00972B51 /* ReglageViewController.swift */,
				4E98BBCD21335AB30054C7E7 /* TutorialViewController.swift */,
			);
			path = VC;
			sourceTree = "<group>";
		};
		4EA7FD7520F8956200740480 /* Buttons */ = {
			isa = PBXGroup;
			children = (
				4EAAE0F7212434E9003F9BFE /* ScoreStarView.swift */,
				4EAAE0F921243810003F9BFE /* NextLevelButton.swift */,
				4EA7FD7620F8957A00740480 /* RoundButtonWithNumber.swift */,
				4EA2893A20FD005C0069692F /* MenuPauseIconsButtons.swift */,
				4EA7FD9F20F8971F00740480 /* PauseButton.swift */,
				4E3A4F1D20FD277100EB5978 /* CheckerButton.swift */,
				4E3A4F1F20FDFC5500EB5978 /* AchatBoutiqueBouton.swift */,
				9CA08A3021243EB3006BC68E /* InAppPurchaseButton.swift */,
				4E512009210B2B2F00736375 /* YesNoButton.swift */,
				4E29899F213DBBF2003D98D1 /* SquarePresentationButton.swift */,
				4E2989A1213DBDCE003D98D1 /* HexPresentationButton.swift */,
				4E2989A3213DC774003D98D1 /* TriangularPresentationButton.swift */,
				4E3705E92131652D00972B51 /* NiceButton.swift */,
			);
			path = Buttons;
			sourceTree = "<group>";
		};
		4EA7FD7820F8958700740480 /* Cells */ = {
			isa = PBXGroup;
			children = (
				4EA7FD7920F8959C00740480 /* EndTableViewCell.swift */,
				4EA7FD7B20F895B000740480 /* StartTableViewCell.swift */,
				4EA7FD7D20F895C900740480 /* Type1TableViewCell.swift */,
				4EA7FD7F20F895DB00740480 /* Type2TableViewCell.swift */,
				4EB7D4FB211B3EEB00BE3E42 /* BonusBoutiqueTableViewCell.swift */,
				9CA08A2E21243A50006BC68E /* PieceBoutiqueTableViewCell.swift */,
				9C0084BB2126D94900490F97 /* ThemeBoutiqueTableViewCell.swift */,
				4E29899D213DB1AB003D98D1 /* SuperPartiesTableViewCell.swift */,
			);
			path = Cells;
			sourceTree = "<group>";
		};
		4EA7FD9220F8969D00740480 /* Graphism */ = {
			isa = PBXGroup;
			children = (
				4EA7FD9320F896B500740480 /* BombViewDisplay.swift */,
				4EA7FDAD20F8987700740480 /* BombView.swift */,
				4EA7FD9520F896C200740480 /* ClockView.swift */,
				4EA7FD9720F896D200740480 /* FlagView.swift */,
				4EA7FD9920F896EB00740480 /* FlagViewDisplay.swift */,
				4EA7FD9B20F896FE00740480 /* Letter.swift */,
				4EA7FD9D20F8971000740480 /* LineView.swift */,
				9C47795B20FA55930094A358 /* MessageEndOfSection.swift */,
				4E7725C420FD088C00B24FBE /* HautParleur.swift */,
				4E3A4F2120FE07A300EB5978 /* PieceView.swift */,
				4E88CAC120FF38B100DAD9DB /* BonusView.swift */,
				4EA7FD8520F8961C00740480 /* RayureDrawing.swift */,
				4E4E18CD2104F5C100B0AB30 /* HeartView.swift */,
				9C0F2FE021206FB000B79B4F /* HeaderInfinite.swift */,
				4EAAE0FB21244024003F9BFE /* MoneyPackage.swift */,
				9C0084BD2126E64A00490F97 /* LockView.swift */,
				9C0084BF2128548A00490F97 /* SkillUpArrowView.swift */,
			);
			path = Graphism;
			sourceTree = "<group>";
		};
		4EAAE0F421242B11003F9BFE /* Frameworks */ = {
			isa = PBXGroup;
			children = (
				4EAAE0F521242B11003F9BFE /* CloudKit.framework */,
			);
			name = Frameworks;
			sourceTree = "<group>";
		};
		4EEE8E8722A5566A00F89875 /* GameViews */ = {
			isa = PBXGroup;
			children = (
				4EEE8E8922A5568300F89875 /* Cases */,
				4EEE8E8822A5567D00F89875 /* Views */,
			);
			path = GameViews;
			sourceTree = "<group>";
		};
		4EEE8E8822A5567D00F89875 /* Views */ = {
			isa = PBXGroup;
			children = (
				4E98AD8121AB6EFC0041DD2E /* ViewOfGame.swift */,
				4E5F79E921ABBD3800955D36 /* HexViewOfGame.swift */,
				4E6AFDD021ACBA4200A94A16 /* TriangleViewOfGame.swift */,
				4E98AD8521AB866A0041DD2E /* SquareViewOfGame.swift */,
			);
			path = Views;
			sourceTree = "<group>";
		};
		4EEE8E8922A5568300F89875 /* Cases */ = {
			isa = PBXGroup;
			children = (
				4E98AD8321AB6F110041DD2E /* Case.swift */,
				4EA7FD8320F8960700740480 /* HexCase.swift */,
				4EA7FD8920F8963E00740480 /* TriangularCase.swift */,
				4EA7FD8720F8962B00740480 /* SquareCase.swift */,
			);
			path = Cases;
			sourceTree = "<group>";
		};
		4EF20A3621343F4600E08BBF /* Recovered References */ = {
			isa = PBXGroup;
			children = (
			);
			name = "Recovered References";
			sourceTree = "<group>";
		};
		9C6E629B20FC96AA003B98C9 /* CustomTransitions */ = {
			isa = PBXGroup;
			children = (
				9C6E629920FC96A6003B98C9 /* TransitionToHistoryMenuViewController.swift */,
				9C0F2FE22121EB9000B79B4F /* TransitionToInfinitePresentationViewController.swift */,
				4E88CAC32101338F00DAD9DB /* TransitionToGameView.swift */,
				9C312F4B21089C43002A86C8 /* TransitionToWinLose.swift */,
				9C0F2FDE212032FA00B79B4F /* TransitionToBoutique.swift */,
				4E3705EB213168E100972B51 /* TransitionToReglage.swift */,
				4E98BBCF21340E920054C7E7 /* TransitionToTutoriel.swift */,
				4EF20A3721343FCA00E08BBF /* TransitionToScore.swift */,
			);
			path = CustomTransitions;
			sourceTree = "<group>";
		};
/* End PBXGroup section */

/* Begin PBXNativeTarget section */
		4EA7FD5220F893E700740480 /* Demineur */ = {
			isa = PBXNativeTarget;
			buildConfigurationList = 4EA7FD6520F893E800740480 /* Build configuration list for PBXNativeTarget "Demineur" */;
			buildPhases = (
				4EA7FD4F20F893E700740480 /* Sources */,
				4EA7FD5020F893E700740480 /* Frameworks */,
				4EA7FD5120F893E700740480 /* Resources */,
			);
			buildRules = (
			);
			dependencies = (
			);
			name = Demineur;
			productName = Demineur;
			productReference = 4EA7FD5320F893E700740480 /* Demineur.app */;
			productType = "com.apple.product-type.application";
		};
/* End PBXNativeTarget section */

/* Begin PBXProject section */
		4EA7FD4B20F893E700740480 /* Project object */ = {
			isa = PBXProject;
			attributes = {
				LastSwiftUpdateCheck = 0940;
				LastUpgradeCheck = 0940;
				ORGANIZATIONNAME = "Arthur BRICQ";
				TargetAttributes = {
					4EA7FD5220F893E700740480 = {
						CreatedOnToolsVersion = 9.4.1;
						LastSwiftMigration = 1020;
						SystemCapabilities = {
							com.apple.Push = {
								enabled = 1;
							};
							com.apple.iCloud = {
								enabled = 1;
							};
						};
					};
				};
			};
			buildConfigurationList = 4EA7FD4E20F893E700740480 /* Build configuration list for PBXProject "Demineur" */;
			compatibilityVersion = "Xcode 9.3";
			developmentRegion = en;
			hasScannedForEncodings = 0;
			knownRegions = (
				en,
				Base,
				fr,
			);
			mainGroup = 4EA7FD4A20F893E700740480;
			productRefGroup = 4EA7FD5420F893E700740480 /* Products */;
			projectDirPath = "";
			projectRoot = "";
			targets = (
				4EA7FD5220F893E700740480 /* Demineur */,
			);
		};
/* End PBXProject section */

/* Begin PBXResourcesBuildPhase section */
		4EA7FD5120F893E700740480 /* Resources */ = {
			isa = PBXResourcesBuildPhase;
			buildActionMask = 2147483647;
			files = (
				4E3705E821315E9F00972B51 /* song1.m4a in Resources */,
				4E98BBC92132E2D30054C7E7 /* Localizable.strings in Resources */,
				4EA7FD6120F893E800740480 /* LaunchScreen.storyboard in Resources */,
				4EA7FD5E20F893E800740480 /* Assets.xcassets in Resources */,
				4E02A1362109DF580040BA88 /* Tutorial.storyboard in Resources */,
				4EA7FD5C20F893E700740480 /* Main.storyboard in Resources */,
			);
			runOnlyForDeploymentPostprocessing = 0;
		};
/* End PBXResourcesBuildPhase section */

/* Begin PBXSourcesBuildPhase section */
		4EA7FD4F20F893E700740480 /* Sources */ = {
			isa = PBXSourcesBuildPhase;
			buildActionMask = 2147483647;
			files = (
				4E88CAC42101338F00DAD9DB /* TransitionToGameView.swift in Sources */,
				4E29899E213DB1AB003D98D1 /* SuperPartiesTableViewCell.swift in Sources */,
				4EA7FD7420F8954B00740480 /* HistoryGameViewController.swift in Sources */,
				4E98AD8221AB6EFC0041DD2E /* ViewOfGame.swift in Sources */,
				4E301FB421A0DA0B00DAB959 /* BonusDescription.swift in Sources */,
				9C6E629A20FC96A6003B98C9 /* TransitionToHistoryMenuViewController.swift in Sources */,
				4E51200A210B2B2F00736375 /* YesNoButton.swift in Sources */,
				4E36C10F211DD78900F810B7 /* InfinitePresentationViewController.swift in Sources */,
				9C0F2FE32121EB9000B79B4F /* TransitionToInfinitePresentationViewController.swift in Sources */,
				4EA7FDA020F8971F00740480 /* PauseButton.swift in Sources */,
				4E3705EC213168E100972B51 /* TransitionToReglage.swift in Sources */,
				4EA7FDA620F8977E00740480 /* StarterFunctions.swift in Sources */,
				4E98BBD021340E920054C7E7 /* TransitionToTutoriel.swift in Sources */,
				4EA7FD7E20F895C900740480 /* Type1TableViewCell.swift in Sources */,
				4E3705EA2131652D00972B51 /* NiceButton.swift in Sources */,
				9C0084C02128548A00490F97 /* SkillUpArrowView.swift in Sources */,
				4EA7FD9620F896C200740480 /* ClockView.swift in Sources */,
				4E29899C213DAAAE003D98D1 /* SuperPartiesPresentationViewController.swift in Sources */,
				4E3A4F1E20FD277100EB5978 /* CheckerButton.swift in Sources */,
				4EA7FD8020F895DB00740480 /* Type2TableViewCell.swift in Sources */,
				4EA7FD9820F896D200740480 /* FlagView.swift in Sources */,
				9CEBDF7520FF9CD1001C0E54 /* BonusChoiceView.swift in Sources */,
				4E301FAE21A0D98100DAB959 /* Enums.swift in Sources */,
				4E8FC31C20F91985000A9BCB /* Demineur.xcdatamodeld in Sources */,
				4E88CAC220FF38B100DAD9DB /* BonusView.swift in Sources */,
				4EA7FDA820F8978C00740480 /* Variables.swift in Sources */,
				4EA7FD8420F8960700740480 /* HexCase.swift in Sources */,
				9C0084BE2126E64A00490F97 /* LockView.swift in Sources */,
				4EA7FD8A20F8963E00740480 /* TriangularCase.swift in Sources */,
				9CA08A3121243EB3006BC68E /* InAppPurchaseButton.swift in Sources */,
				4EB7D4FA211B38C000BE3E42 /* BoutiqueViewController.swift in Sources */,
				4EB7D4FC211B3EEC00BE3E42 /* BonusBoutiqueTableViewCell.swift in Sources */,
				4E301FA321A0BFA600DAB959 /* LocalScore.swift in Sources */,
				4EA7FDAE20F8987700740480 /* BombView.swift in Sources */,
				4EA7FD8820F8962B00740480 /* SquareCase.swift in Sources */,
				4EA7FDA220F8974E00740480 /* Functions.swift in Sources */,
				9C312F4C21089C43002A86C8 /* TransitionToWinLose.swift in Sources */,
				4EA7FD7020F8951300740480 /* InfiniteGameViewController.swift in Sources */,
				4E301FB621A0DA3900DAB959 /* PackageDescription.swift in Sources */,
				4EA7FD8620F8961C00740480 /* RayureDrawing.swift in Sources */,
				4E301FA821A0C4DB00DAB959 /* LimitedTimer.swift in Sources */,
				9CA08A2F21243A50006BC68E /* PieceBoutiqueTableViewCell.swift in Sources */,
				4EA7FD9E20F8971000740480 /* LineView.swift in Sources */,
				4E3705E721315A4700972B51 /* Sound.swift in Sources */,
				4EAAE0FC21244024003F9BFE /* MoneyPackage.swift in Sources */,
				4E4E18CE2104F5C100B0AB30 /* HeartView.swift in Sources */,
				4EA7FD6E20F894F600740480 /* PauseViewController.swift in Sources */,
				4EF20A3821343FCA00E08BBF /* TransitionToScore.swift in Sources */,
				4E98BBCE21335AB30054C7E7 /* TutorialViewController.swift in Sources */,
				9C47795C20FA55930094A358 /* MessageEndOfSection.swift in Sources */,
				4EA7FD9A20F896EB00740480 /* FlagViewDisplay.swift in Sources */,
				4EA2893B20FD005C0069692F /* MenuPauseIconsButtons.swift in Sources */,
				4E3A4F2220FE07A300EB5978 /* PieceView.swift in Sources */,
				4EA7FDAC20F897A700740480 /* Vibrate.swift in Sources */,
				4E301FB821A0DA7C00DAB959 /* IsTheGameStarted.swift in Sources */,
				4E6AFDD121ACBA4200A94A16 /* TriangleViewOfGame.swift in Sources */,
				4EAAE0FA21243810003F9BFE /* NextLevelButton.swift in Sources */,
				4E4A9F7B22A7C1AE00FC6E66 /* SavedCase.swift in Sources */,
				4EA76A9920FB6E9C00E940C8 /* ArticleViewController.swift in Sources */,
				4EA7FD9C20F896FE00740480 /* Letter.swift in Sources */,
				4EA7FD7C20F895B000740480 /* StartTableViewCell.swift in Sources */,
				4E02A1392109E1700040BA88 /* MenuTutorialViewController.swift in Sources */,
				4EE06BBF219E7663004ED7D6 /* UserDefaultsManager.swift in Sources */,
				4EA7FD9420F896B500740480 /* BombViewDisplay.swift in Sources */,
				4EA7FD6C20F894E200740480 /* MenuViewController.swift in Sources */,
				4E98AD8421AB6F110041DD2E /* Case.swift in Sources */,
				4EEE8E8B22A5914200F89875 /* GameViewController.swift in Sources */,
				4EA7FD5720F893E700740480 /* AppDelegate.swift in Sources */,
				9C0F2FE121206FB000B79B4F /* HeaderInfinite.swift in Sources */,
				4E301FB221A0D9CE00DAB959 /* OneGame.swift in Sources */,
				4EAAE0F8212434E9003F9BFE /* ScoreStarView.swift in Sources */,
				4E79480221386A0100FF462C /* SuperPartiesGameViewController.swift in Sources */,
				4EA2FAD7210624090039846E /* WinLooseViewController.swift in Sources */,
				4EA7FDA420F8976B00740480 /* Protocols.swift in Sources */,
				9C745D2F20FB7B5800741ED2 /* Animator.swift in Sources */,
				4E98AD8621AB866A0041DD2E /* SquareViewOfGame.swift in Sources */,
				4E21E4A5229D67B50092A620 /* UIView.swift in Sources */,
				9C0084BC2126D94900490F97 /* ThemeBoutiqueTableViewCell.swift in Sources */,
				4EA7FD7220F8953500740480 /* HistoryPresentationViewController.swift in Sources */,
				4E2989A2213DBDCE003D98D1 /* HexPresentationButton.swift in Sources */,
				4E301FA621A0C4BF00DAB959 /* CountingTimer.swift in Sources */,
				4EA7FD7720F8957A00740480 /* RoundButtonWithNumber.swift in Sources */,
				9C0F2FDF212032FA00B79B4F /* TransitionToBoutique.swift in Sources */,
				4EAAE0FE212444DE003F9BFE /* ScoreViewController.swift in Sources */,
				4EAAE0F221242982003F9BFE /* ScoreModel.swift in Sources */,
				4E5F79EA21ABBD3800955D36 /* HexViewOfGame.swift in Sources */,
				4E2989A4213DC774003D98D1 /* TriangularPresentationButton.swift in Sources */,
				4E7725C520FD088C00B24FBE /* HautParleur.swift in Sources */,
				4E3705E12130304B00972B51 /* ReglageViewController.swift in Sources */,
				4E44EACC21ADF6AB00DABB51 /* MessageManagor.swift in Sources */,
				4EB822B8210E3101009290C3 /* InfiniteFunctions.swift in Sources */,
				4E4A9F7D22A7C20500FC6E66 /* SuperPartieGame.swift in Sources */,
				4E2989A0213DBBF2003D98D1 /* SquarePresentationButton.swift in Sources */,
				4E3A4F2020FDFC5500EB5978 /* AchatBoutiqueBouton.swift in Sources */,
				4E301FB021A0D9AF00DAB959 /* Section.swift in Sources */,
				4EA7FD7A20F8959C00740480 /* EndTableViewCell.swift in Sources */,
			);
			runOnlyForDeploymentPostprocessing = 0;
		};
/* End PBXSourcesBuildPhase section */

/* Begin PBXVariantGroup section */
		4E02A1342109DF580040BA88 /* Tutorial.storyboard */ = {
			isa = PBXVariantGroup;
			children = (
				4E02A1352109DF580040BA88 /* Base */,
				4E98BBC52132E2A00054C7E7 /* fr */,
			);
			name = Tutorial.storyboard;
			sourceTree = "<group>";
		};
		4E98BBCB2132E2D30054C7E7 /* Localizable.strings */ = {
			isa = PBXVariantGroup;
			children = (
				4E98BBCA2132E2D30054C7E7 /* en */,
				4E98BBCC2132E2DD0054C7E7 /* fr */,
			);
			name = Localizable.strings;
			sourceTree = "<group>";
		};
		4EA7FD5A20F893E700740480 /* Main.storyboard */ = {
			isa = PBXVariantGroup;
			children = (
				4EA7FD5B20F893E700740480 /* Base */,
				4E98BBC42132E2A00054C7E7 /* fr */,
			);
			name = Main.storyboard;
			sourceTree = "<group>";
		};
		4EA7FD5F20F893E800740480 /* LaunchScreen.storyboard */ = {
			isa = PBXVariantGroup;
			children = (
				4EA7FD6020F893E800740480 /* Base */,
				4E98BBC62132E2A00054C7E7 /* fr */,
			);
			name = LaunchScreen.storyboard;
			sourceTree = "<group>";
		};
/* End PBXVariantGroup section */

/* Begin XCBuildConfiguration section */
		4EA7FD6320F893E800740480 /* Debug */ = {
			isa = XCBuildConfiguration;
			buildSettings = {
				ALWAYS_SEARCH_USER_PATHS = NO;
				CLANG_ANALYZER_LOCALIZABILITY_NONLOCALIZED = YES;
				CLANG_ANALYZER_NONNULL = YES;
				CLANG_ANALYZER_NUMBER_OBJECT_CONVERSION = YES_AGGRESSIVE;
				CLANG_CXX_LANGUAGE_STANDARD = "gnu++14";
				CLANG_CXX_LIBRARY = "libc++";
				CLANG_ENABLE_MODULES = YES;
				CLANG_ENABLE_OBJC_ARC = YES;
				CLANG_ENABLE_OBJC_WEAK = YES;
				CLANG_WARN_BLOCK_CAPTURE_AUTORELEASING = YES;
				CLANG_WARN_BOOL_CONVERSION = YES;
				CLANG_WARN_COMMA = YES;
				CLANG_WARN_CONSTANT_CONVERSION = YES;
				CLANG_WARN_DEPRECATED_OBJC_IMPLEMENTATIONS = YES;
				CLANG_WARN_DIRECT_OBJC_ISA_USAGE = YES_ERROR;
				CLANG_WARN_DOCUMENTATION_COMMENTS = YES;
				CLANG_WARN_EMPTY_BODY = YES;
				CLANG_WARN_ENUM_CONVERSION = YES;
				CLANG_WARN_INFINITE_RECURSION = YES;
				CLANG_WARN_INT_CONVERSION = YES;
				CLANG_WARN_NON_LITERAL_NULL_CONVERSION = YES;
				CLANG_WARN_OBJC_IMPLICIT_RETAIN_SELF = YES;
				CLANG_WARN_OBJC_LITERAL_CONVERSION = YES;
				CLANG_WARN_OBJC_ROOT_CLASS = YES_ERROR;
				CLANG_WARN_RANGE_LOOP_ANALYSIS = YES;
				CLANG_WARN_STRICT_PROTOTYPES = YES;
				CLANG_WARN_SUSPICIOUS_MOVE = YES;
				CLANG_WARN_UNGUARDED_AVAILABILITY = YES_AGGRESSIVE;
				CLANG_WARN_UNREACHABLE_CODE = YES;
				CLANG_WARN__DUPLICATE_METHOD_MATCH = YES;
				CODE_SIGN_IDENTITY = "iPhone Developer";
				COPY_PHASE_STRIP = NO;
				DEBUG_INFORMATION_FORMAT = dwarf;
				ENABLE_STRICT_OBJC_MSGSEND = YES;
				ENABLE_TESTABILITY = YES;
				GCC_C_LANGUAGE_STANDARD = gnu11;
				GCC_DYNAMIC_NO_PIC = NO;
				GCC_NO_COMMON_BLOCKS = YES;
				GCC_OPTIMIZATION_LEVEL = 0;
				GCC_PREPROCESSOR_DEFINITIONS = (
					"DEBUG=1",
					"$(inherited)",
				);
				GCC_WARN_64_TO_32_BIT_CONVERSION = YES;
				GCC_WARN_ABOUT_RETURN_TYPE = YES_ERROR;
				GCC_WARN_UNDECLARED_SELECTOR = YES;
				GCC_WARN_UNINITIALIZED_AUTOS = YES_AGGRESSIVE;
				GCC_WARN_UNUSED_FUNCTION = YES;
				GCC_WARN_UNUSED_VARIABLE = YES;
				IPHONEOS_DEPLOYMENT_TARGET = 11.4;
				MTL_ENABLE_DEBUG_INFO = YES;
				ONLY_ACTIVE_ARCH = YES;
				SDKROOT = iphoneos;
				SWIFT_ACTIVE_COMPILATION_CONDITIONS = DEBUG;
				SWIFT_OPTIMIZATION_LEVEL = "-Onone";
			};
			name = Debug;
		};
		4EA7FD6420F893E800740480 /* Release */ = {
			isa = XCBuildConfiguration;
			buildSettings = {
				ALWAYS_SEARCH_USER_PATHS = NO;
				CLANG_ANALYZER_LOCALIZABILITY_NONLOCALIZED = YES;
				CLANG_ANALYZER_NONNULL = YES;
				CLANG_ANALYZER_NUMBER_OBJECT_CONVERSION = YES_AGGRESSIVE;
				CLANG_CXX_LANGUAGE_STANDARD = "gnu++14";
				CLANG_CXX_LIBRARY = "libc++";
				CLANG_ENABLE_MODULES = YES;
				CLANG_ENABLE_OBJC_ARC = YES;
				CLANG_ENABLE_OBJC_WEAK = YES;
				CLANG_WARN_BLOCK_CAPTURE_AUTORELEASING = YES;
				CLANG_WARN_BOOL_CONVERSION = YES;
				CLANG_WARN_COMMA = YES;
				CLANG_WARN_CONSTANT_CONVERSION = YES;
				CLANG_WARN_DEPRECATED_OBJC_IMPLEMENTATIONS = YES;
				CLANG_WARN_DIRECT_OBJC_ISA_USAGE = YES_ERROR;
				CLANG_WARN_DOCUMENTATION_COMMENTS = YES;
				CLANG_WARN_EMPTY_BODY = YES;
				CLANG_WARN_ENUM_CONVERSION = YES;
				CLANG_WARN_INFINITE_RECURSION = YES;
				CLANG_WARN_INT_CONVERSION = YES;
				CLANG_WARN_NON_LITERAL_NULL_CONVERSION = YES;
				CLANG_WARN_OBJC_IMPLICIT_RETAIN_SELF = YES;
				CLANG_WARN_OBJC_LITERAL_CONVERSION = YES;
				CLANG_WARN_OBJC_ROOT_CLASS = YES_ERROR;
				CLANG_WARN_RANGE_LOOP_ANALYSIS = YES;
				CLANG_WARN_STRICT_PROTOTYPES = YES;
				CLANG_WARN_SUSPICIOUS_MOVE = YES;
				CLANG_WARN_UNGUARDED_AVAILABILITY = YES_AGGRESSIVE;
				CLANG_WARN_UNREACHABLE_CODE = YES;
				CLANG_WARN__DUPLICATE_METHOD_MATCH = YES;
				CODE_SIGN_IDENTITY = "iPhone Developer";
				COPY_PHASE_STRIP = NO;
				DEBUG_INFORMATION_FORMAT = "dwarf-with-dsym";
				ENABLE_NS_ASSERTIONS = NO;
				ENABLE_STRICT_OBJC_MSGSEND = YES;
				GCC_C_LANGUAGE_STANDARD = gnu11;
				GCC_NO_COMMON_BLOCKS = YES;
				GCC_WARN_64_TO_32_BIT_CONVERSION = YES;
				GCC_WARN_ABOUT_RETURN_TYPE = YES_ERROR;
				GCC_WARN_UNDECLARED_SELECTOR = YES;
				GCC_WARN_UNINITIALIZED_AUTOS = YES_AGGRESSIVE;
				GCC_WARN_UNUSED_FUNCTION = YES;
				GCC_WARN_UNUSED_VARIABLE = YES;
				IPHONEOS_DEPLOYMENT_TARGET = 11.4;
				MTL_ENABLE_DEBUG_INFO = NO;
				SDKROOT = iphoneos;
				SWIFT_COMPILATION_MODE = wholemodule;
				SWIFT_OPTIMIZATION_LEVEL = "-O";
				VALIDATE_PRODUCT = YES;
			};
			name = Release;
		};
		4EA7FD6620F893E800740480 /* Debug */ = {
			isa = XCBuildConfiguration;
			buildSettings = {
				ASSETCATALOG_COMPILER_APPICON_NAME = AppIcon;
				CODE_SIGN_ENTITLEMENTS = Demineur/Demineur.entitlements;
				CODE_SIGN_STYLE = Automatic;
				DEVELOPMENT_TEAM = A669ZDMYDX;
				INFOPLIST_FILE = Demineur/Info.plist;
				LD_RUNPATH_SEARCH_PATHS = (
					"$(inherited)",
					"@executable_path/Frameworks",
				);
				PRODUCT_BUNDLE_IDENTIFIER = com.BricqBros.Demineur;
				PRODUCT_NAME = "$(TARGET_NAME)";
				SWIFT_VERSION = 5.0;
				TARGETED_DEVICE_FAMILY = "1,2";
			};
			name = Debug;
		};
		4EA7FD6720F893E800740480 /* Release */ = {
			isa = XCBuildConfiguration;
			buildSettings = {
				ASSETCATALOG_COMPILER_APPICON_NAME = AppIcon;
				CODE_SIGN_ENTITLEMENTS = Demineur/Demineur.entitlements;
				CODE_SIGN_STYLE = Automatic;
				DEVELOPMENT_TEAM = A669ZDMYDX;
				INFOPLIST_FILE = Demineur/Info.plist;
				LD_RUNPATH_SEARCH_PATHS = (
					"$(inherited)",
					"@executable_path/Frameworks",
				);
				PRODUCT_BUNDLE_IDENTIFIER = com.BricqBros.Demineur;
				PRODUCT_NAME = "$(TARGET_NAME)";
				SWIFT_VERSION = 5.0;
				TARGETED_DEVICE_FAMILY = "1,2";
			};
			name = Release;
		};
/* End XCBuildConfiguration section */

/* Begin XCConfigurationList section */
		4EA7FD4E20F893E700740480 /* Build configuration list for PBXProject "Demineur" */ = {
			isa = XCConfigurationList;
			buildConfigurations = (
				4EA7FD6320F893E800740480 /* Debug */,
				4EA7FD6420F893E800740480 /* Release */,
			);
			defaultConfigurationIsVisible = 0;
			defaultConfigurationName = Release;
		};
		4EA7FD6520F893E800740480 /* Build configuration list for PBXNativeTarget "Demineur" */ = {
			isa = XCConfigurationList;
			buildConfigurations = (
				4EA7FD6620F893E800740480 /* Debug */,
				4EA7FD6720F893E800740480 /* Release */,
			);
			defaultConfigurationIsVisible = 0;
			defaultConfigurationName = Release;
		};
/* End XCConfigurationList section */

/* Begin XCVersionGroup section */
		4E8FC31A20F91985000A9BCB /* Demineur.xcdatamodeld */ = {
			isa = XCVersionGroup;
			children = (
				4E8FC31B20F91985000A9BCB /* Demineur.xcdatamodel */,
			);
			currentVersion = 4E8FC31B20F91985000A9BCB /* Demineur.xcdatamodel */;
			path = Demineur.xcdatamodeld;
			sourceTree = "<group>";
			versionGroupType = wrapper.xcdatamodel;
		};
/* End XCVersionGroup section */
	};
	rootObject = 4EA7FD4B20F893E700740480 /* Project object */;
}
